// !$*UTF8*$!
{
	archiveVersion = 1;
	classes = {
	};
	objectVersion = 56;
	objects = {

/* Begin PBXBuildFile section */
		EC0C418228E8C58000FD9503 /* WeatherView.swift in Sources */ = {isa = PBXBuildFile; fileRef = EC0C418128E8C58000FD9503 /* WeatherView.swift */; };
		EC0C418428E8C60400FD9503 /* NewWorkoutViewController.swift in Sources */ = {isa = PBXBuildFile; fileRef = EC0C418328E8C60400FD9503 /* NewWorkoutViewController.swift */; };
		EC0C418628E8C61B00FD9503 /* StatisticViewController.swift in Sources */ = {isa = PBXBuildFile; fileRef = EC0C418528E8C61B00FD9503 /* StatisticViewController.swift */; };
		EC0C418828E8C62D00FD9503 /* ProfileViewController.swift in Sources */ = {isa = PBXBuildFile; fileRef = EC0C418728E8C62D00FD9503 /* ProfileViewController.swift */; };
		EC0C418A28E8D8DF00FD9503 /* MainTabBarController.swift in Sources */ = {isa = PBXBuildFile; fileRef = EC0C418928E8D8DF00FD9503 /* MainTabBarController.swift */; };
		EC0C418D28E8DE3C00FD9503 /* DateAndRepeatView.swift in Sources */ = {isa = PBXBuildFile; fileRef = EC0C418C28E8DE3C00FD9503 /* DateAndRepeatView.swift */; };
		EC0C418F28E8DE4D00FD9503 /* RepsOrTimerView.swift in Sources */ = {isa = PBXBuildFile; fileRef = EC0C418E28E8DE4D00FD9503 /* RepsOrTimerView.swift */; };
		EC2782BB28EE2B6A0034B5EA /* UILabel+Extensions.swift in Sources */ = {isa = PBXBuildFile; fileRef = EC2782BA28EE2B6A0034B5EA /* UILabel+Extensions.swift */; };
		EC8360D028E78FD40037F29C /* WorkoutTableViewCell.swift in Sources */ = {isa = PBXBuildFile; fileRef = EC8360CF28E78FD40037F29C /* WorkoutTableViewCell.swift */; };
		EC84E8A028E488E3006ACD4A /* AppDelegate.swift in Sources */ = {isa = PBXBuildFile; fileRef = EC84E89F28E488E3006ACD4A /* AppDelegate.swift */; };
		EC84E8A228E488E3006ACD4A /* SceneDelegate.swift in Sources */ = {isa = PBXBuildFile; fileRef = EC84E8A128E488E3006ACD4A /* SceneDelegate.swift */; };
		EC84E8A428E488E3006ACD4A /* MainViewController.swift in Sources */ = {isa = PBXBuildFile; fileRef = EC84E8A328E488E3006ACD4A /* MainViewController.swift */; };
		EC84E8A928E488E4006ACD4A /* Assets.xcassets in Resources */ = {isa = PBXBuildFile; fileRef = EC84E8A828E488E4006ACD4A /* Assets.xcassets */; };
		EC84E8AC28E488E4006ACD4A /* LaunchScreen.storyboard in Resources */ = {isa = PBXBuildFile; fileRef = EC84E8AA28E488E4006ACD4A /* LaunchScreen.storyboard */; };
		EC84E8BB28E4906F006ACD4A /* UIFont + Extensions.swift in Sources */ = {isa = PBXBuildFile; fileRef = EC84E8BA28E4906F006ACD4A /* UIFont + Extensions.swift */; };
		EC84E8BD28E49078006ACD4A /* UIColor + Extensions.swift in Sources */ = {isa = PBXBuildFile; fileRef = EC84E8BC28E49078006ACD4A /* UIColor + Extensions.swift */; };
		EC84E8BF28E4907E006ACD4A /* UIView + Extensoins.swift in Sources */ = {isa = PBXBuildFile; fileRef = EC84E8BE28E4907E006ACD4A /* UIView + Extensoins.swift */; };
		EC84E8C128E49213006ACD4A /* UIStackView + Extensions.swift in Sources */ = {isa = PBXBuildFile; fileRef = EC84E8C028E49213006ACD4A /* UIStackView + Extensions.swift */; };
		EC84E8C428E4996C006ACD4A /* Roboto-Medium.ttf in Resources */ = {isa = PBXBuildFile; fileRef = EC84E8C328E4996C006ACD4A /* Roboto-Medium.ttf */; };
		EC84E8C628E499A1006ACD4A /* Roboto-Bold.ttf in Resources */ = {isa = PBXBuildFile; fileRef = EC84E8C528E499A1006ACD4A /* Roboto-Bold.ttf */; };
		EC84E8C928E4BA21006ACD4A /* CalendarView.swift in Sources */ = {isa = PBXBuildFile; fileRef = EC84E8C828E4BA21006ACD4A /* CalendarView.swift */; };
		EC84E8CC28E4E8A3006ACD4A /* CalendarCollectionViewCell.swift in Sources */ = {isa = PBXBuildFile; fileRef = EC84E8CB28E4E8A3006ACD4A /* CalendarCollectionViewCell.swift */; };
/* End PBXBuildFile section */

/* Begin PBXFileReference section */
		EC0C418128E8C58000FD9503 /* WeatherView.swift */ = {isa = PBXFileReference; lastKnownFileType = sourcecode.swift; path = WeatherView.swift; sourceTree = "<group>"; };
		EC0C418328E8C60400FD9503 /* NewWorkoutViewController.swift */ = {isa = PBXFileReference; lastKnownFileType = sourcecode.swift; path = NewWorkoutViewController.swift; sourceTree = "<group>"; };
		EC0C418528E8C61B00FD9503 /* StatisticViewController.swift */ = {isa = PBXFileReference; lastKnownFileType = sourcecode.swift; path = StatisticViewController.swift; sourceTree = "<group>"; };
		EC0C418728E8C62D00FD9503 /* ProfileViewController.swift */ = {isa = PBXFileReference; lastKnownFileType = sourcecode.swift; path = ProfileViewController.swift; sourceTree = "<group>"; };
		EC0C418928E8D8DF00FD9503 /* MainTabBarController.swift */ = {isa = PBXFileReference; lastKnownFileType = sourcecode.swift; path = MainTabBarController.swift; sourceTree = "<group>"; };
		EC0C418C28E8DE3C00FD9503 /* DateAndRepeatView.swift */ = {isa = PBXFileReference; lastKnownFileType = sourcecode.swift; path = DateAndRepeatView.swift; sourceTree = "<group>"; };
		EC0C418E28E8DE4D00FD9503 /* RepsOrTimerView.swift */ = {isa = PBXFileReference; lastKnownFileType = sourcecode.swift; path = RepsOrTimerView.swift; sourceTree = "<group>"; };
		EC2782BA28EE2B6A0034B5EA /* UILabel+Extensions.swift */ = {isa = PBXFileReference; lastKnownFileType = sourcecode.swift; path = "UILabel+Extensions.swift"; sourceTree = "<group>"; };
		EC8360CF28E78FD40037F29C /* WorkoutTableViewCell.swift */ = {isa = PBXFileReference; lastKnownFileType = sourcecode.swift; path = WorkoutTableViewCell.swift; sourceTree = "<group>"; };
		EC84E89C28E488E3006ACD4A /* FitnessLife.app */ = {isa = PBXFileReference; explicitFileType = wrapper.application; includeInIndex = 0; path = FitnessLife.app; sourceTree = BUILT_PRODUCTS_DIR; };
		EC84E89F28E488E3006ACD4A /* AppDelegate.swift */ = {isa = PBXFileReference; lastKnownFileType = sourcecode.swift; path = AppDelegate.swift; sourceTree = "<group>"; };
		EC84E8A128E488E3006ACD4A /* SceneDelegate.swift */ = {isa = PBXFileReference; lastKnownFileType = sourcecode.swift; path = SceneDelegate.swift; sourceTree = "<group>"; };
		EC84E8A328E488E3006ACD4A /* MainViewController.swift */ = {isa = PBXFileReference; lastKnownFileType = sourcecode.swift; path = MainViewController.swift; sourceTree = "<group>"; };
		EC84E8A828E488E4006ACD4A /* Assets.xcassets */ = {isa = PBXFileReference; lastKnownFileType = folder.assetcatalog; path = Assets.xcassets; sourceTree = "<group>"; };
		EC84E8AB28E488E4006ACD4A /* Base */ = {isa = PBXFileReference; lastKnownFileType = file.storyboard; name = Base; path = Base.lproj/LaunchScreen.storyboard; sourceTree = "<group>"; };
		EC84E8AD28E488E4006ACD4A /* Info.plist */ = {isa = PBXFileReference; lastKnownFileType = text.plist.xml; path = Info.plist; sourceTree = "<group>"; };
		EC84E8BA28E4906F006ACD4A /* UIFont + Extensions.swift */ = {isa = PBXFileReference; lastKnownFileType = sourcecode.swift; path = "UIFont + Extensions.swift"; sourceTree = "<group>"; };
		EC84E8BC28E49078006ACD4A /* UIColor + Extensions.swift */ = {isa = PBXFileReference; lastKnownFileType = sourcecode.swift; path = "UIColor + Extensions.swift"; sourceTree = "<group>"; };
		EC84E8BE28E4907E006ACD4A /* UIView + Extensoins.swift */ = {isa = PBXFileReference; lastKnownFileType = sourcecode.swift; path = "UIView + Extensoins.swift"; sourceTree = "<group>"; };
		EC84E8C028E49213006ACD4A /* UIStackView + Extensions.swift */ = {isa = PBXFileReference; lastKnownFileType = sourcecode.swift; path = "UIStackView + Extensions.swift"; sourceTree = "<group>"; };
		EC84E8C328E4996C006ACD4A /* Roboto-Medium.ttf */ = {isa = PBXFileReference; lastKnownFileType = file; path = "Roboto-Medium.ttf"; sourceTree = "<group>"; };
		EC84E8C528E499A1006ACD4A /* Roboto-Bold.ttf */ = {isa = PBXFileReference; lastKnownFileType = file; path = "Roboto-Bold.ttf"; sourceTree = "<group>"; };
		EC84E8C828E4BA21006ACD4A /* CalendarView.swift */ = {isa = PBXFileReference; lastKnownFileType = sourcecode.swift; path = CalendarView.swift; sourceTree = "<group>"; };
		EC84E8CB28E4E8A3006ACD4A /* CalendarCollectionViewCell.swift */ = {isa = PBXFileReference; lastKnownFileType = sourcecode.swift; path = CalendarCollectionViewCell.swift; sourceTree = "<group>"; };
/* End PBXFileReference section */

/* Begin PBXFrameworksBuildPhase section */
		EC84E89928E488E3006ACD4A /* Frameworks */ = {
			isa = PBXFrameworksBuildPhase;
			buildActionMask = 2147483647;
			files = (
			);
			runOnlyForDeploymentPostprocessing = 0;
		};
/* End PBXFrameworksBuildPhase section */

/* Begin PBXGroup section */
		EC0C418B28E8DE1D00FD9503 /* NewWorkoutVC */ = {
			isa = PBXGroup;
			children = (
				EC0C418C28E8DE3C00FD9503 /* DateAndRepeatView.swift */,
				EC0C418E28E8DE4D00FD9503 /* RepsOrTimerView.swift */,
			);
			path = NewWorkoutVC;
			sourceTree = "<group>";
		};
		EC84E89328E488E3006ACD4A = {
			isa = PBXGroup;
			children = (
				EC84E89E28E488E3006ACD4A /* FitnessLife */,
				EC84E89D28E488E3006ACD4A /* Products */,
			);
			sourceTree = "<group>";
		};
		EC84E89D28E488E3006ACD4A /* Products */ = {
			isa = PBXGroup;
			children = (
				EC84E89C28E488E3006ACD4A /* FitnessLife.app */,
			);
			name = Products;
			sourceTree = "<group>";
		};
		EC84E89E28E488E3006ACD4A /* FitnessLife */ = {
			isa = PBXGroup;
			children = (
				EC84E8B728E48CF8006ACD4A /* Application */,
				EC84E8B628E48CF4006ACD4A /* Models */,
				EC84E8B428E48CEF006ACD4A /* Views */,
				EC84E8B528E48CF2006ACD4A /* Controllers */,
				EC84E8B328E48CE8006ACD4A /* Extensions */,
				EC84E8B928E48E8A006ACD4A /* Resources */,
			);
			path = FitnessLife;
			sourceTree = "<group>";
		};
		EC84E8B328E48CE8006ACD4A /* Extensions */ = {
			isa = PBXGroup;
			children = (
				EC84E8B828E48E7B006ACD4A /* UIKit */,
			);
			path = Extensions;
			sourceTree = "<group>";
		};
		EC84E8B428E48CEF006ACD4A /* Views */ = {
			isa = PBXGroup;
			children = (
				EC84E8C728E4BA0B006ACD4A /* MainVC */,
				EC0C418B28E8DE1D00FD9503 /* NewWorkoutVC */,
			);
			path = Views;
			sourceTree = "<group>";
		};
		EC84E8B528E48CF2006ACD4A /* Controllers */ = {
			isa = PBXGroup;
			children = (
				EC0C418928E8D8DF00FD9503 /* MainTabBarController.swift */,
				EC84E8A328E488E3006ACD4A /* MainViewController.swift */,
				EC0C418328E8C60400FD9503 /* NewWorkoutViewController.swift */,
				EC0C418528E8C61B00FD9503 /* StatisticViewController.swift */,
				EC0C418728E8C62D00FD9503 /* ProfileViewController.swift */,
			);
			path = Controllers;
			sourceTree = "<group>";
		};
		EC84E8B628E48CF4006ACD4A /* Models */ = {
			isa = PBXGroup;
			children = (
			);
			path = Models;
			sourceTree = "<group>";
		};
		EC84E8B728E48CF8006ACD4A /* Application */ = {
			isa = PBXGroup;
			children = (
				EC84E89F28E488E3006ACD4A /* AppDelegate.swift */,
				EC84E8A128E488E3006ACD4A /* SceneDelegate.swift */,
			);
			path = Application;
			sourceTree = "<group>";
		};
		EC84E8B828E48E7B006ACD4A /* UIKit */ = {
			isa = PBXGroup;
			children = (
				EC84E8BA28E4906F006ACD4A /* UIFont + Extensions.swift */,
				EC84E8BC28E49078006ACD4A /* UIColor + Extensions.swift */,
				EC84E8BE28E4907E006ACD4A /* UIView + Extensoins.swift */,
				EC84E8C028E49213006ACD4A /* UIStackView + Extensions.swift */,
				EC2782BA28EE2B6A0034B5EA /* UILabel+Extensions.swift */,
			);
			path = UIKit;
			sourceTree = "<group>";
		};
		EC84E8B928E48E8A006ACD4A /* Resources */ = {
			isa = PBXGroup;
			children = (
				EC84E8C228E4991B006ACD4A /* Fonts */,
				EC84E8A828E488E4006ACD4A /* Assets.xcassets */,
				EC84E8AA28E488E4006ACD4A /* LaunchScreen.storyboard */,
				EC84E8AD28E488E4006ACD4A /* Info.plist */,
			);
			path = Resources;
			sourceTree = "<group>";
		};
		EC84E8C228E4991B006ACD4A /* Fonts */ = {
			isa = PBXGroup;
			children = (
				EC84E8C528E499A1006ACD4A /* Roboto-Bold.ttf */,
				EC84E8C328E4996C006ACD4A /* Roboto-Medium.ttf */,
			);
			path = Fonts;
			sourceTree = "<group>";
		};
		EC84E8C728E4BA0B006ACD4A /* MainVC */ = {
			isa = PBXGroup;
			children = (
				EC84E8CD28E4E8AE006ACD4A /* Cells */,
				EC84E8C828E4BA21006ACD4A /* CalendarView.swift */,
				EC0C418128E8C58000FD9503 /* WeatherView.swift */,
			);
			path = MainVC;
			sourceTree = "<group>";
		};
		EC84E8CD28E4E8AE006ACD4A /* Cells */ = {
			isa = PBXGroup;
			children = (
				EC84E8CB28E4E8A3006ACD4A /* CalendarCollectionViewCell.swift */,
				EC8360CF28E78FD40037F29C /* WorkoutTableViewCell.swift */,
			);
			path = Cells;
			sourceTree = "<group>";
		};
/* End PBXGroup section */

/* Begin PBXNativeTarget section */
		EC84E89B28E488E3006ACD4A /* FitnessLife */ = {
			isa = PBXNativeTarget;
			buildConfigurationList = EC84E8B028E488E4006ACD4A /* Build configuration list for PBXNativeTarget "FitnessLife" */;
			buildPhases = (
				EC84E89828E488E3006ACD4A /* Sources */,
				EC84E89928E488E3006ACD4A /* Frameworks */,
				EC84E89A28E488E3006ACD4A /* Resources */,
			);
			buildRules = (
			);
			dependencies = (
			);
			name = FitnessLife;
			productName = FitnessLife;
			productReference = EC84E89C28E488E3006ACD4A /* FitnessLife.app */;
			productType = "com.apple.product-type.application";
		};
/* End PBXNativeTarget section */

/* Begin PBXProject section */
		EC84E89428E488E3006ACD4A /* Project object */ = {
			isa = PBXProject;
			attributes = {
				BuildIndependentTargetsInParallel = 1;
				LastSwiftUpdateCheck = 1400;
				LastUpgradeCheck = 1400;
				TargetAttributes = {
					EC84E89B28E488E3006ACD4A = {
						CreatedOnToolsVersion = 14.0;
					};
				};
			};
			buildConfigurationList = EC84E89728E488E3006ACD4A /* Build configuration list for PBXProject "FitnessLife" */;
			compatibilityVersion = "Xcode 14.0";
			developmentRegion = en;
			hasScannedForEncodings = 0;
			knownRegions = (
				en,
				Base,
			);
			mainGroup = EC84E89328E488E3006ACD4A;
			productRefGroup = EC84E89D28E488E3006ACD4A /* Products */;
			projectDirPath = "";
			projectRoot = "";
			targets = (
				EC84E89B28E488E3006ACD4A /* FitnessLife */,
			);
		};
/* End PBXProject section */

/* Begin PBXResourcesBuildPhase section */
		EC84E89A28E488E3006ACD4A /* Resources */ = {
			isa = PBXResourcesBuildPhase;
			buildActionMask = 2147483647;
			files = (
				EC84E8AC28E488E4006ACD4A /* LaunchScreen.storyboard in Resources */,
				EC84E8A928E488E4006ACD4A /* Assets.xcassets in Resources */,
				EC84E8C628E499A1006ACD4A /* Roboto-Bold.ttf in Resources */,
				EC84E8C428E4996C006ACD4A /* Roboto-Medium.ttf in Resources */,
			);
			runOnlyForDeploymentPostprocessing = 0;
		};
/* End PBXResourcesBuildPhase section */

/* Begin PBXSourcesBuildPhase section */
		EC84E89828E488E3006ACD4A /* Sources */ = {
			isa = PBXSourcesBuildPhase;
			buildActionMask = 2147483647;
			files = (
				EC84E8BF28E4907E006ACD4A /* UIView + Extensoins.swift in Sources */,
				EC84E8BD28E49078006ACD4A /* UIColor + Extensions.swift in Sources */,
				EC0C418A28E8D8DF00FD9503 /* MainTabBarController.swift in Sources */,
				EC84E8C928E4BA21006ACD4A /* CalendarView.swift in Sources */,
				EC8360D028E78FD40037F29C /* WorkoutTableViewCell.swift in Sources */,
				EC0C418D28E8DE3C00FD9503 /* DateAndRepeatView.swift in Sources */,
				EC0C418828E8C62D00FD9503 /* ProfileViewController.swift in Sources */,
				EC84E8C128E49213006ACD4A /* UIStackView + Extensions.swift in Sources */,
				EC84E8A428E488E3006ACD4A /* MainViewController.swift in Sources */,
				EC0C418228E8C58000FD9503 /* WeatherView.swift in Sources */,
				EC84E8BB28E4906F006ACD4A /* UIFont + Extensions.swift in Sources */,
				EC0C418F28E8DE4D00FD9503 /* RepsOrTimerView.swift in Sources */,
				EC2782BB28EE2B6A0034B5EA /* UILabel+Extensions.swift in Sources */,
				EC0C418628E8C61B00FD9503 /* StatisticViewController.swift in Sources */,
				EC84E8CC28E4E8A3006ACD4A /* CalendarCollectionViewCell.swift in Sources */,
				EC0C418428E8C60400FD9503 /* NewWorkoutViewController.swift in Sources */,
				EC84E8A028E488E3006ACD4A /* AppDelegate.swift in Sources */,
				EC84E8A228E488E3006ACD4A /* SceneDelegate.swift in Sources */,
			);
			runOnlyForDeploymentPostprocessing = 0;
		};
/* End PBXSourcesBuildPhase section */

/* Begin PBXVariantGroup section */
		EC84E8AA28E488E4006ACD4A /* LaunchScreen.storyboard */ = {
			isa = PBXVariantGroup;
			children = (
				EC84E8AB28E488E4006ACD4A /* Base */,
			);
			name = LaunchScreen.storyboard;
			sourceTree = "<group>";
		};
/* End PBXVariantGroup section */

/* Begin XCBuildConfiguration section */
		EC84E8AE28E488E4006ACD4A /* Debug */ = {
			isa = XCBuildConfiguration;
			buildSettings = {
				ALWAYS_SEARCH_USER_PATHS = NO;
				CLANG_ANALYZER_NONNULL = YES;
				CLANG_ANALYZER_NUMBER_OBJECT_CONVERSION = YES_AGGRESSIVE;
				CLANG_CXX_LANGUAGE_STANDARD = "gnu++20";
				CLANG_ENABLE_MODULES = YES;
				CLANG_ENABLE_OBJC_ARC = YES;
				CLANG_ENABLE_OBJC_WEAK = YES;
				CLANG_WARN_BLOCK_CAPTURE_AUTORELEASING = YES;
				CLANG_WARN_BOOL_CONVERSION = YES;
				CLANG_WARN_COMMA = YES;
				CLANG_WARN_CONSTANT_CONVERSION = YES;
				CLANG_WARN_DEPRECATED_OBJC_IMPLEMENTATIONS = YES;
				CLANG_WARN_DIRECT_OBJC_ISA_USAGE = YES_ERROR;
				CLANG_WARN_DOCUMENTATION_COMMENTS = YES;
				CLANG_WARN_EMPTY_BODY = YES;
				CLANG_WARN_ENUM_CONVERSION = YES;
				CLANG_WARN_INFINITE_RECURSION = YES;
				CLANG_WARN_INT_CONVERSION = YES;
				CLANG_WARN_NON_LITERAL_NULL_CONVERSION = YES;
				CLANG_WARN_OBJC_IMPLICIT_RETAIN_SELF = YES;
				CLANG_WARN_OBJC_LITERAL_CONVERSION = YES;
				CLANG_WARN_OBJC_ROOT_CLASS = YES_ERROR;
				CLANG_WARN_QUOTED_INCLUDE_IN_FRAMEWORK_HEADER = YES;
				CLANG_WARN_RANGE_LOOP_ANALYSIS = YES;
				CLANG_WARN_STRICT_PROTOTYPES = YES;
				CLANG_WARN_SUSPICIOUS_MOVE = YES;
				CLANG_WARN_UNGUARDED_AVAILABILITY = YES_AGGRESSIVE;
				CLANG_WARN_UNREACHABLE_CODE = YES;
				CLANG_WARN__DUPLICATE_METHOD_MATCH = YES;
				COPY_PHASE_STRIP = NO;
				DEBUG_INFORMATION_FORMAT = dwarf;
				ENABLE_STRICT_OBJC_MSGSEND = YES;
				ENABLE_TESTABILITY = YES;
				GCC_C_LANGUAGE_STANDARD = gnu11;
				GCC_DYNAMIC_NO_PIC = NO;
				GCC_NO_COMMON_BLOCKS = YES;
				GCC_OPTIMIZATION_LEVEL = 0;
				GCC_PREPROCESSOR_DEFINITIONS = (
					"DEBUG=1",
					"$(inherited)",
				);
				GCC_WARN_64_TO_32_BIT_CONVERSION = YES;
				GCC_WARN_ABOUT_RETURN_TYPE = YES_ERROR;
				GCC_WARN_UNDECLARED_SELECTOR = YES;
				GCC_WARN_UNINITIALIZED_AUTOS = YES_AGGRESSIVE;
				GCC_WARN_UNUSED_FUNCTION = YES;
				GCC_WARN_UNUSED_VARIABLE = YES;
				GENERATE_INFOPLIST_FILE = YES;
				IPHONEOS_DEPLOYMENT_TARGET = 16.0;
				MTL_ENABLE_DEBUG_INFO = INCLUDE_SOURCE;
				MTL_FAST_MATH = YES;
				ONLY_ACTIVE_ARCH = YES;
				SDKROOT = iphoneos;
				SWIFT_ACTIVE_COMPILATION_CONDITIONS = DEBUG;
				SWIFT_OPTIMIZATION_LEVEL = "-Onone";
			};
			name = Debug;
		};
		EC84E8AF28E488E4006ACD4A /* Release */ = {
			isa = XCBuildConfiguration;
			buildSettings = {
				ALWAYS_SEARCH_USER_PATHS = NO;
				CLANG_ANALYZER_NONNULL = YES;
				CLANG_ANALYZER_NUMBER_OBJECT_CONVERSION = YES_AGGRESSIVE;
				CLANG_CXX_LANGUAGE_STANDARD = "gnu++20";
				CLANG_ENABLE_MODULES = YES;
				CLANG_ENABLE_OBJC_ARC = YES;
				CLANG_ENABLE_OBJC_WEAK = YES;
				CLANG_WARN_BLOCK_CAPTURE_AUTORELEASING = YES;
				CLANG_WARN_BOOL_CONVERSION = YES;
				CLANG_WARN_COMMA = YES;
				CLANG_WARN_CONSTANT_CONVERSION = YES;
				CLANG_WARN_DEPRECATED_OBJC_IMPLEMENTATIONS = YES;
				CLANG_WARN_DIRECT_OBJC_ISA_USAGE = YES_ERROR;
				CLANG_WARN_DOCUMENTATION_COMMENTS = YES;
				CLANG_WARN_EMPTY_BODY = YES;
				CLANG_WARN_ENUM_CONVERSION = YES;
				CLANG_WARN_INFINITE_RECURSION = YES;
				CLANG_WARN_INT_CONVERSION = YES;
				CLANG_WARN_NON_LITERAL_NULL_CONVERSION = YES;
				CLANG_WARN_OBJC_IMPLICIT_RETAIN_SELF = YES;
				CLANG_WARN_OBJC_LITERAL_CONVERSION = YES;
				CLANG_WARN_OBJC_ROOT_CLASS = YES_ERROR;
				CLANG_WARN_QUOTED_INCLUDE_IN_FRAMEWORK_HEADER = YES;
				CLANG_WARN_RANGE_LOOP_ANALYSIS = YES;
				CLANG_WARN_STRICT_PROTOTYPES = YES;
				CLANG_WARN_SUSPICIOUS_MOVE = YES;
				CLANG_WARN_UNGUARDED_AVAILABILITY = YES_AGGRESSIVE;
				CLANG_WARN_UNREACHABLE_CODE = YES;
				CLANG_WARN__DUPLICATE_METHOD_MATCH = YES;
				COPY_PHASE_STRIP = NO;
				DEBUG_INFORMATION_FORMAT = "dwarf-with-dsym";
				ENABLE_NS_ASSERTIONS = NO;
				ENABLE_STRICT_OBJC_MSGSEND = YES;
				GCC_C_LANGUAGE_STANDARD = gnu11;
				GCC_NO_COMMON_BLOCKS = YES;
				GCC_WARN_64_TO_32_BIT_CONVERSION = YES;
				GCC_WARN_ABOUT_RETURN_TYPE = YES_ERROR;
				GCC_WARN_UNDECLARED_SELECTOR = YES;
				GCC_WARN_UNINITIALIZED_AUTOS = YES_AGGRESSIVE;
				GCC_WARN_UNUSED_FUNCTION = YES;
				GCC_WARN_UNUSED_VARIABLE = YES;
				GENERATE_INFOPLIST_FILE = YES;
				IPHONEOS_DEPLOYMENT_TARGET = 16.0;
				MTL_ENABLE_DEBUG_INFO = NO;
				MTL_FAST_MATH = YES;
				SDKROOT = iphoneos;
				SWIFT_COMPILATION_MODE = wholemodule;
				SWIFT_OPTIMIZATION_LEVEL = "-O";
				VALIDATE_PRODUCT = YES;
			};
			name = Release;
		};
		EC84E8B128E488E4006ACD4A /* Debug */ = {
			isa = XCBuildConfiguration;
			buildSettings = {
				ASSETCATALOG_COMPILER_APPICON_NAME = AppIcon;
				ASSETCATALOG_COMPILER_GLOBAL_ACCENT_COLOR_NAME = AccentColor;
				CODE_SIGN_STYLE = Automatic;
				CURRENT_PROJECT_VERSION = 1;
				DEVELOPMENT_TEAM = 3496F3A4HL;
				GENERATE_INFOPLIST_FILE = YES;
				INFOPLIST_FILE = FitnessLife/Resources/Info.plist;
				INFOPLIST_KEY_UIApplicationSupportsIndirectInputEvents = YES;
				INFOPLIST_KEY_UILaunchStoryboardName = LaunchScreen;
				INFOPLIST_KEY_UIMainStoryboardFile = "";
				INFOPLIST_KEY_UISupportedInterfaceOrientations = UIInterfaceOrientationPortrait;
				IPHONEOS_DEPLOYMENT_TARGET = 14.5;
				LD_RUNPATH_SEARCH_PATHS = (
					"$(inherited)",
					"@executable_path/Frameworks",
				);
				MARKETING_VERSION = 1.0;
				PRODUCT_BUNDLE_IDENTIFIER = com.my.FitnessLife;
				PRODUCT_NAME = "$(TARGET_NAME)";
				SUPPORTED_PLATFORMS = "iphoneos iphonesimulator";
				SUPPORTS_MACCATALYST = NO;
				SUPPORTS_MAC_DESIGNED_FOR_IPHONE_IPAD = NO;
				SWIFT_EMIT_LOC_STRINGS = YES;
				SWIFT_VERSION = 5.0;
				TARGETED_DEVICE_FAMILY = 1;
			};
			name = Debug;
		};
		EC84E8B228E488E4006ACD4A /* Release */ = {
			isa = XCBuildConfiguration;
			buildSettings = {
				ASSETCATALOG_COMPILER_APPICON_NAME = AppIcon;
				ASSETCATALOG_COMPILER_GLOBAL_ACCENT_COLOR_NAME = AccentColor;
				CODE_SIGN_STYLE = Automatic;
				CURRENT_PROJECT_VERSION = 1;
				DEVELOPMENT_TEAM = 3496F3A4HL;
				GENERATE_INFOPLIST_FILE = YES;
				INFOPLIST_FILE = FitnessLife/Resources/Info.plist;
				INFOPLIST_KEY_UIApplicationSupportsIndirectInputEvents = YES;
				INFOPLIST_KEY_UILaunchStoryboardName = LaunchScreen;
				INFOPLIST_KEY_UIMainStoryboardFile = "";
				INFOPLIST_KEY_UISupportedInterfaceOrientations = UIInterfaceOrientationPortrait;
				IPHONEOS_DEPLOYMENT_TARGET = 14.5;
				LD_RUNPATH_SEARCH_PATHS = (
					"$(inherited)",
					"@executable_path/Frameworks",
				);
				MARKETING_VERSION = 1.0;
				PRODUCT_BUNDLE_IDENTIFIER = com.my.FitnessLife;
				PRODUCT_NAME = "$(TARGET_NAME)";
				SUPPORTED_PLATFORMS = "iphoneos iphonesimulator";
				SUPPORTS_MACCATALYST = NO;
				SUPPORTS_MAC_DESIGNED_FOR_IPHONE_IPAD = NO;
				SWIFT_EMIT_LOC_STRINGS = YES;
				SWIFT_VERSION = 5.0;
				TARGETED_DEVICE_FAMILY = 1;
			};
			name = Release;
		};
/* End XCBuildConfiguration section */

/* Begin XCConfigurationList section */
		EC84E89728E488E3006ACD4A /* Build configuration list for PBXProject "FitnessLife" */ = {
			isa = XCConfigurationList;
			buildConfigurations = (
				EC84E8AE28E488E4006ACD4A /* Debug */,
				EC84E8AF28E488E4006ACD4A /* Release */,
			);
			defaultConfigurationIsVisible = 0;
			defaultConfigurationName = Release;
		};
		EC84E8B028E488E4006ACD4A /* Build configuration list for PBXNativeTarget "FitnessLife" */ = {
			isa = XCConfigurationList;
			buildConfigurations = (
				EC84E8B128E488E4006ACD4A /* Debug */,
				EC84E8B228E488E4006ACD4A /* Release */,
			);
			defaultConfigurationIsVisible = 0;
			defaultConfigurationName = Release;
		};
/* End XCConfigurationList section */
	};
	rootObject = EC84E89428E488E3006ACD4A /* Project object */;
}
